// !$*UTF8*$!
{
	archiveVersion = 1;
	classes = {
	};
	objectVersion = 56;
	objects = {

/* Begin PBXBuildFile section */
		146A66CE74C620FB76A231F6 /* Pods_abtest.framework in Frameworks */ = {isa = PBXBuildFile; fileRef = ED32AAFBF62093558845FF5C /* Pods_abtest.framework */; };
		F2CDD0DA28ECF79100CA97B1 /* AppDelegate.swift in Sources */ = {isa = PBXBuildFile; fileRef = F2CDD0D928ECF79100CA97B1 /* AppDelegate.swift */; };
		F2CDD0DE28ECF79100CA97B1 /* ViewController.swift in Sources */ = {isa = PBXBuildFile; fileRef = F2CDD0DD28ECF79100CA97B1 /* ViewController.swift */; };
		F2CDD0E128ECF79100CA97B1 /* Main.storyboard in Resources */ = {isa = PBXBuildFile; fileRef = F2CDD0DF28ECF79100CA97B1 /* Main.storyboard */; };
		F2CDD0E328ECF79200CA97B1 /* Assets.xcassets in Resources */ = {isa = PBXBuildFile; fileRef = F2CDD0E228ECF79200CA97B1 /* Assets.xcassets */; };
		F2CDD0E628ECF79200CA97B1 /* LaunchScreen.storyboard in Resources */ = {isa = PBXBuildFile; fileRef = F2CDD0E428ECF79200CA97B1 /* LaunchScreen.storyboard */; };
		F2CDD0F228ED21FF00CA97B1 /* Util_Log.swift in Sources */ = {isa = PBXBuildFile; fileRef = F2CDD0F128ED21FF00CA97B1 /* Util_Log.swift */; };
		F2CDD0F428ED222600CA97B1 /* Define.swift in Sources */ = {isa = PBXBuildFile; fileRef = F2CDD0F328ED222600CA97B1 /* Define.swift */; };
		F2CDD0F628ED313B00CA97B1 /* Util_String.swift in Sources */ = {isa = PBXBuildFile; fileRef = F2CDD0F528ED313B00CA97B1 /* Util_String.swift */; };
		F2CDD0F828ED33D500CA97B1 /* Util_UIColor.swift in Sources */ = {isa = PBXBuildFile; fileRef = F2CDD0F728ED33D500CA97B1 /* Util_UIColor.swift */; };
		F2CDD0FA28ED45CF00CA97B1 /* TargetViewController.swift in Sources */ = {isa = PBXBuildFile; fileRef = F2CDD0F928ED45CF00CA97B1 /* TargetViewController.swift */; };
		F2CDD0FC28ED4B3400CA97B1 /* Util_UIButton.swift in Sources */ = {isa = PBXBuildFile; fileRef = F2CDD0FB28ED4B3400CA97B1 /* Util_UIButton.swift */; };
		F2CDD0FF28ED4DC400CA97B1 /* BtnViewViewController.swift in Sources */ = {isa = PBXBuildFile; fileRef = F2CDD0FE28ED4DC400CA97B1 /* BtnViewViewController.swift */; };
		F2CDD10028ED515300CA97B1 /* GoogleService-Info.plist in Resources */ = {isa = PBXBuildFile; fileRef = F2CDD0EE28ED1CC200CA97B1 /* GoogleService-Info.plist */; };
		F2CDD10228ED533D00CA97B1 /* BaseViewController.swift in Sources */ = {isa = PBXBuildFile; fileRef = F2CDD10128ED533D00CA97B1 /* BaseViewController.swift */; };
/* End PBXBuildFile section */

/* Begin PBXFileReference section */
		4739AC31C3AF3EA0FC82855E /* Pods-abtest.debug.xcconfig */ = {isa = PBXFileReference; includeInIndex = 1; lastKnownFileType = text.xcconfig; name = "Pods-abtest.debug.xcconfig"; path = "Target Support Files/Pods-abtest/Pods-abtest.debug.xcconfig"; sourceTree = "<group>"; };
		B278B7B29DAFBB696F2C9A25 /* Pods-abtest.release.xcconfig */ = {isa = PBXFileReference; includeInIndex = 1; lastKnownFileType = text.xcconfig; name = "Pods-abtest.release.xcconfig"; path = "Target Support Files/Pods-abtest/Pods-abtest.release.xcconfig"; sourceTree = "<group>"; };
		ED32AAFBF62093558845FF5C /* Pods_abtest.framework */ = {isa = PBXFileReference; explicitFileType = wrapper.framework; includeInIndex = 0; path = Pods_abtest.framework; sourceTree = BUILT_PRODUCTS_DIR; };
		F2CDD0D628ECF79100CA97B1 /* abtest.app */ = {isa = PBXFileReference; explicitFileType = wrapper.application; includeInIndex = 0; path = abtest.app; sourceTree = BUILT_PRODUCTS_DIR; };
		F2CDD0D928ECF79100CA97B1 /* AppDelegate.swift */ = {isa = PBXFileReference; lastKnownFileType = sourcecode.swift; path = AppDelegate.swift; sourceTree = "<group>"; };
		F2CDD0DD28ECF79100CA97B1 /* ViewController.swift */ = {isa = PBXFileReference; lastKnownFileType = sourcecode.swift; path = ViewController.swift; sourceTree = "<group>"; };
		F2CDD0E028ECF79100CA97B1 /* Base */ = {isa = PBXFileReference; lastKnownFileType = file.storyboard; name = Base; path = Base.lproj/Main.storyboard; sourceTree = "<group>"; };
		F2CDD0E228ECF79200CA97B1 /* Assets.xcassets */ = {isa = PBXFileReference; lastKnownFileType = folder.assetcatalog; path = Assets.xcassets; sourceTree = "<group>"; };
		F2CDD0E528ECF79200CA97B1 /* Base */ = {isa = PBXFileReference; lastKnownFileType = file.storyboard; name = Base; path = Base.lproj/LaunchScreen.storyboard; sourceTree = "<group>"; };
		F2CDD0E728ECF79200CA97B1 /* Info.plist */ = {isa = PBXFileReference; lastKnownFileType = text.plist.xml; path = Info.plist; sourceTree = "<group>"; };
		F2CDD0EE28ED1CC200CA97B1 /* GoogleService-Info.plist */ = {isa = PBXFileReference; fileEncoding = 4; lastKnownFileType = text.plist.xml; path = "GoogleService-Info.plist"; sourceTree = "<group>"; };
		F2CDD0F128ED21FF00CA97B1 /* Util_Log.swift */ = {isa = PBXFileReference; fileEncoding = 4; lastKnownFileType = sourcecode.swift; path = Util_Log.swift; sourceTree = "<group>"; };
		F2CDD0F328ED222600CA97B1 /* Define.swift */ = {isa = PBXFileReference; fileEncoding = 4; lastKnownFileType = sourcecode.swift; path = Define.swift; sourceTree = "<group>"; };
		F2CDD0F528ED313B00CA97B1 /* Util_String.swift */ = {isa = PBXFileReference; fileEncoding = 4; lastKnownFileType = sourcecode.swift; path = Util_String.swift; sourceTree = "<group>"; };
		F2CDD0F728ED33D500CA97B1 /* Util_UIColor.swift */ = {isa = PBXFileReference; lastKnownFileType = sourcecode.swift; path = Util_UIColor.swift; sourceTree = "<group>"; };
		F2CDD0F928ED45CF00CA97B1 /* TargetViewController.swift */ = {isa = PBXFileReference; lastKnownFileType = sourcecode.swift; path = TargetViewController.swift; sourceTree = "<group>"; };
		F2CDD0FB28ED4B3400CA97B1 /* Util_UIButton.swift */ = {isa = PBXFileReference; fileEncoding = 4; lastKnownFileType = sourcecode.swift; path = Util_UIButton.swift; sourceTree = "<group>"; };
		F2CDD0FE28ED4DC400CA97B1 /* BtnViewViewController.swift */ = {isa = PBXFileReference; lastKnownFileType = sourcecode.swift; path = BtnViewViewController.swift; sourceTree = "<group>"; };
		F2CDD10128ED533D00CA97B1 /* BaseViewController.swift */ = {isa = PBXFileReference; lastKnownFileType = sourcecode.swift; path = BaseViewController.swift; sourceTree = "<group>"; };
/* End PBXFileReference section */

/* Begin PBXFrameworksBuildPhase section */
		F2CDD0D328ECF79100CA97B1 /* Frameworks */ = {
			isa = PBXFrameworksBuildPhase;
			buildActionMask = 2147483647;
			files = (
				146A66CE74C620FB76A231F6 /* Pods_abtest.framework in Frameworks */,
			);
			runOnlyForDeploymentPostprocessing = 0;
		};
/* End PBXFrameworksBuildPhase section */

/* Begin PBXGroup section */
		D093C42E9740C1C535BE2334 /* Pods */ = {
			isa = PBXGroup;
			children = (
				4739AC31C3AF3EA0FC82855E /* Pods-abtest.debug.xcconfig */,
				B278B7B29DAFBB696F2C9A25 /* Pods-abtest.release.xcconfig */,
			);
			path = Pods;
			sourceTree = "<group>";
		};
		E1520C5F06E427E06ACE9142 /* Frameworks */ = {
			isa = PBXGroup;
			children = (
				ED32AAFBF62093558845FF5C /* Pods_abtest.framework */,
			);
			name = Frameworks;
			sourceTree = "<group>";
		};
		F2CDD0CD28ECF79100CA97B1 = {
			isa = PBXGroup;
			children = (
				F2CDD0D828ECF79100CA97B1 /* abtest */,
				F2CDD0D728ECF79100CA97B1 /* Products */,
				D093C42E9740C1C535BE2334 /* Pods */,
				E1520C5F06E427E06ACE9142 /* Frameworks */,
			);
			sourceTree = "<group>";
		};
		F2CDD0D728ECF79100CA97B1 /* Products */ = {
			isa = PBXGroup;
			children = (
				F2CDD0D628ECF79100CA97B1 /* abtest.app */,
			);
			name = Products;
			sourceTree = "<group>";
		};
		F2CDD0D828ECF79100CA97B1 /* abtest */ = {
			isa = PBXGroup;
			children = (
				F2CDD0F028ED21F100CA97B1 /* Util */,
				F2CDD0ED28ED1CA900CA97B1 /* Common */,
				F2CDD0FD28ED4B8600CA97B1 /* View */,
				F2CDD0D928ECF79100CA97B1 /* AppDelegate.swift */,
				F2CDD0DF28ECF79100CA97B1 /* Main.storyboard */,
				F2CDD0E228ECF79200CA97B1 /* Assets.xcassets */,
				F2CDD0E428ECF79200CA97B1 /* LaunchScreen.storyboard */,
				F2CDD0E728ECF79200CA97B1 /* Info.plist */,
			);
			path = abtest;
			sourceTree = "<group>";
		};
		F2CDD0ED28ED1CA900CA97B1 /* Common */ = {
			isa = PBXGroup;
			children = (
				F2CDD0F328ED222600CA97B1 /* Define.swift */,
				F2CDD0EE28ED1CC200CA97B1 /* GoogleService-Info.plist */,
			);
			path = Common;
			sourceTree = "<group>";
		};
		F2CDD0F028ED21F100CA97B1 /* Util */ = {
			isa = PBXGroup;
			children = (
				F2CDD0FB28ED4B3400CA97B1 /* Util_UIButton.swift */,
				F2CDD0F528ED313B00CA97B1 /* Util_String.swift */,
				F2CDD0F128ED21FF00CA97B1 /* Util_Log.swift */,
				F2CDD0F728ED33D500CA97B1 /* Util_UIColor.swift */,
			);
			path = Util;
			sourceTree = "<group>";
		};
		F2CDD0FD28ED4B8600CA97B1 /* View */ = {
			isa = PBXGroup;
			children = (
				F2CDD10328ED534300CA97B1 /* Base */,
				F2CDD0DD28ECF79100CA97B1 /* ViewController.swift */,
				F2CDD0F928ED45CF00CA97B1 /* TargetViewController.swift */,
				F2CDD0FE28ED4DC400CA97B1 /* BtnViewViewController.swift */,
			);
			path = View;
			sourceTree = "<group>";
		};
		F2CDD10328ED534300CA97B1 /* Base */ = {
			isa = PBXGroup;
			children = (
				F2CDD10128ED533D00CA97B1 /* BaseViewController.swift */,
			);
			path = Base;
			sourceTree = "<group>";
		};
/* End PBXGroup section */

/* Begin PBXNativeTarget section */
		F2CDD0D528ECF79100CA97B1 /* abtest */ = {
			isa = PBXNativeTarget;
			buildConfigurationList = F2CDD0EA28ECF79200CA97B1 /* Build configuration list for PBXNativeTarget "abtest" */;
			buildPhases = (
				10B6763C892B42B75D775AC6 /* [CP] Check Pods Manifest.lock */,
				F2CDD0D228ECF79100CA97B1 /* Sources */,
				F2CDD0D328ECF79100CA97B1 /* Frameworks */,
				F2CDD0D428ECF79100CA97B1 /* Resources */,
				E8A0F4525F554921A45EF842 /* [CP] Embed Pods Frameworks */,
			);
			buildRules = (
			);
			dependencies = (
			);
			name = abtest;
			productName = abtest;
			productReference = F2CDD0D628ECF79100CA97B1 /* abtest.app */;
			productType = "com.apple.product-type.application";
		};
/* End PBXNativeTarget section */

/* Begin PBXProject section */
		F2CDD0CE28ECF79100CA97B1 /* Project object */ = {
			isa = PBXProject;
			attributes = {
				BuildIndependentTargetsInParallel = 1;
				LastSwiftUpdateCheck = 1400;
				LastUpgradeCheck = 1400;
				TargetAttributes = {
					F2CDD0D528ECF79100CA97B1 = {
						CreatedOnToolsVersion = 14.0.1;
					};
				};
			};
			buildConfigurationList = F2CDD0D128ECF79100CA97B1 /* Build configuration list for PBXProject "abtest" */;
			compatibilityVersion = "Xcode 14.0";
			developmentRegion = en;
			hasScannedForEncodings = 0;
			knownRegions = (
				en,
				Base,
			);
			mainGroup = F2CDD0CD28ECF79100CA97B1;
			productRefGroup = F2CDD0D728ECF79100CA97B1 /* Products */;
			projectDirPath = "";
			projectRoot = "";
			targets = (
				F2CDD0D528ECF79100CA97B1 /* abtest */,
			);
		};
/* End PBXProject section */

/* Begin PBXResourcesBuildPhase section */
		F2CDD0D428ECF79100CA97B1 /* Resources */ = {
			isa = PBXResourcesBuildPhase;
			buildActionMask = 2147483647;
			files = (
				F2CDD10028ED515300CA97B1 /* GoogleService-Info.plist in Resources */,
				F2CDD0E628ECF79200CA97B1 /* LaunchScreen.storyboard in Resources */,
				F2CDD0E328ECF79200CA97B1 /* Assets.xcassets in Resources */,
				F2CDD0E128ECF79100CA97B1 /* Main.storyboard in Resources */,
			);
			runOnlyForDeploymentPostprocessing = 0;
		};
/* End PBXResourcesBuildPhase section */

/* Begin PBXShellScriptBuildPhase section */
		10B6763C892B42B75D775AC6 /* [CP] Check Pods Manifest.lock */ = {
			isa = PBXShellScriptBuildPhase;
			buildActionMask = 2147483647;
			files = (
			);
			inputFileListPaths = (
			);
			inputPaths = (
				"${PODS_PODFILE_DIR_PATH}/Podfile.lock",
				"${PODS_ROOT}/Manifest.lock",
			);
			name = "[CP] Check Pods Manifest.lock";
			outputFileListPaths = (
			);
			outputPaths = (
				"$(DERIVED_FILE_DIR)/Pods-abtest-checkManifestLockResult.txt",
			);
			runOnlyForDeploymentPostprocessing = 0;
			shellPath = /bin/sh;
			shellScript = "diff \"${PODS_PODFILE_DIR_PATH}/Podfile.lock\" \"${PODS_ROOT}/Manifest.lock\" > /dev/null\nif [ $? != 0 ] ; then\n    # print error to STDERR\n    echo \"error: The sandbox is not in sync with the Podfile.lock. Run 'pod install' or update your CocoaPods installation.\" >&2\n    exit 1\nfi\n# This output is used by Xcode 'outputs' to avoid re-running this script phase.\necho \"SUCCESS\" > \"${SCRIPT_OUTPUT_FILE_0}\"\n";
			showEnvVarsInLog = 0;
		};
		E8A0F4525F554921A45EF842 /* [CP] Embed Pods Frameworks */ = {
			isa = PBXShellScriptBuildPhase;
			buildActionMask = 2147483647;
			files = (
			);
			inputFileListPaths = (
				"${PODS_ROOT}/Target Support Files/Pods-abtest/Pods-abtest-frameworks-${CONFIGURATION}-input-files.xcfilelist",
			);
			name = "[CP] Embed Pods Frameworks";
			outputFileListPaths = (
				"${PODS_ROOT}/Target Support Files/Pods-abtest/Pods-abtest-frameworks-${CONFIGURATION}-output-files.xcfilelist",
			);
			runOnlyForDeploymentPostprocessing = 0;
			shellPath = /bin/sh;
			shellScript = "\"${PODS_ROOT}/Target Support Files/Pods-abtest/Pods-abtest-frameworks.sh\"\n";
			showEnvVarsInLog = 0;
		};
/* End PBXShellScriptBuildPhase section */

/* Begin PBXSourcesBuildPhase section */
		F2CDD0D228ECF79100CA97B1 /* Sources */ = {
			isa = PBXSourcesBuildPhase;
			buildActionMask = 2147483647;
			files = (
				F2CDD0F628ED313B00CA97B1 /* Util_String.swift in Sources */,
				F2CDD0F828ED33D500CA97B1 /* Util_UIColor.swift in Sources */,
				F2CDD0FF28ED4DC400CA97B1 /* BtnViewViewController.swift in Sources */,
				F2CDD0F228ED21FF00CA97B1 /* Util_Log.swift in Sources */,
				F2CDD0FA28ED45CF00CA97B1 /* TargetViewController.swift in Sources */,
				F2CDD10228ED533D00CA97B1 /* BaseViewController.swift in Sources */,
				F2CDD0DE28ECF79100CA97B1 /* ViewController.swift in Sources */,
				F2CDD0FC28ED4B3400CA97B1 /* Util_UIButton.swift in Sources */,
				F2CDD0DA28ECF79100CA97B1 /* AppDelegate.swift in Sources */,
				F2CDD0F428ED222600CA97B1 /* Define.swift in Sources */,
			);
			runOnlyForDeploymentPostprocessing = 0;
		};
/* End PBXSourcesBuildPhase section */

/* Begin PBXVariantGroup section */
		F2CDD0DF28ECF79100CA97B1 /* Main.storyboard */ = {
			isa = PBXVariantGroup;
			children = (
				F2CDD0E028ECF79100CA97B1 /* Base */,
			);
			name = Main.storyboard;
			sourceTree = "<group>";
		};
		F2CDD0E428ECF79200CA97B1 /* LaunchScreen.storyboard */ = {
			isa = PBXVariantGroup;
			children = (
				F2CDD0E528ECF79200CA97B1 /* Base */,
			);
			name = LaunchScreen.storyboard;
			sourceTree = "<group>";
		};
/* End PBXVariantGroup section */

/* Begin XCBuildConfiguration section */
		F2CDD0E828ECF79200CA97B1 /* Debug */ = {
			isa = XCBuildConfiguration;
			buildSettings = {
				ALWAYS_SEARCH_USER_PATHS = NO;
				CLANG_ANALYZER_NONNULL = YES;
				CLANG_ANALYZER_NUMBER_OBJECT_CONVERSION = YES_AGGRESSIVE;
				CLANG_CXX_LANGUAGE_STANDARD = "gnu++20";
				CLANG_ENABLE_MODULES = YES;
				CLANG_ENABLE_OBJC_ARC = YES;
				CLANG_ENABLE_OBJC_WEAK = YES;
				CLANG_WARN_BLOCK_CAPTURE_AUTORELEASING = YES;
				CLANG_WARN_BOOL_CONVERSION = YES;
				CLANG_WARN_COMMA = YES;
				CLANG_WARN_CONSTANT_CONVERSION = YES;
				CLANG_WARN_DEPRECATED_OBJC_IMPLEMENTATIONS = YES;
				CLANG_WARN_DIRECT_OBJC_ISA_USAGE = YES_ERROR;
				CLANG_WARN_DOCUMENTATION_COMMENTS = YES;
				CLANG_WARN_EMPTY_BODY = YES;
				CLANG_WARN_ENUM_CONVERSION = YES;
				CLANG_WARN_INFINITE_RECURSION = YES;
				CLANG_WARN_INT_CONVERSION = YES;
				CLANG_WARN_NON_LITERAL_NULL_CONVERSION = YES;
				CLANG_WARN_OBJC_IMPLICIT_RETAIN_SELF = YES;
				CLANG_WARN_OBJC_LITERAL_CONVERSION = YES;
				CLANG_WARN_OBJC_ROOT_CLASS = YES_ERROR;
				CLANG_WARN_QUOTED_INCLUDE_IN_FRAMEWORK_HEADER = YES;
				CLANG_WARN_RANGE_LOOP_ANALYSIS = YES;
				CLANG_WARN_STRICT_PROTOTYPES = YES;
				CLANG_WARN_SUSPICIOUS_MOVE = YES;
				CLANG_WARN_UNGUARDED_AVAILABILITY = YES_AGGRESSIVE;
				CLANG_WARN_UNREACHABLE_CODE = YES;
				CLANG_WARN__DUPLICATE_METHOD_MATCH = YES;
				COPY_PHASE_STRIP = NO;
				DEBUG_INFORMATION_FORMAT = dwarf;
				ENABLE_STRICT_OBJC_MSGSEND = YES;
				ENABLE_TESTABILITY = YES;
				GCC_C_LANGUAGE_STANDARD = gnu11;
				GCC_DYNAMIC_NO_PIC = NO;
				GCC_NO_COMMON_BLOCKS = YES;
				GCC_OPTIMIZATION_LEVEL = 0;
				GCC_PREPROCESSOR_DEFINITIONS = (
					"DEBUG=1",
					"$(inherited)",
				);
				GCC_WARN_64_TO_32_BIT_CONVERSION = YES;
				GCC_WARN_ABOUT_RETURN_TYPE = YES_ERROR;
				GCC_WARN_UNDECLARED_SELECTOR = YES;
				GCC_WARN_UNINITIALIZED_AUTOS = YES_AGGRESSIVE;
				GCC_WARN_UNUSED_FUNCTION = YES;
				GCC_WARN_UNUSED_VARIABLE = YES;
				IPHONEOS_DEPLOYMENT_TARGET = 16.0;
				MTL_ENABLE_DEBUG_INFO = INCLUDE_SOURCE;
				MTL_FAST_MATH = YES;
				ONLY_ACTIVE_ARCH = YES;
				SDKROOT = iphoneos;
				SWIFT_ACTIVE_COMPILATION_CONDITIONS = DEBUG;
				SWIFT_OPTIMIZATION_LEVEL = "-Onone";
			};
			name = Debug;
		};
		F2CDD0E928ECF79200CA97B1 /* Release */ = {
			isa = XCBuildConfiguration;
			buildSettings = {
				ALWAYS_SEARCH_USER_PATHS = NO;
				CLANG_ANALYZER_NONNULL = YES;
				CLANG_ANALYZER_NUMBER_OBJECT_CONVERSION = YES_AGGRESSIVE;
				CLANG_CXX_LANGUAGE_STANDARD = "gnu++20";
				CLANG_ENABLE_MODULES = YES;
				CLANG_ENABLE_OBJC_ARC = YES;
				CLANG_ENABLE_OBJC_WEAK = YES;
				CLANG_WARN_BLOCK_CAPTURE_AUTORELEASING = YES;
				CLANG_WARN_BOOL_CONVERSION = YES;
				CLANG_WARN_COMMA = YES;
				CLANG_WARN_CONSTANT_CONVERSION = YES;
				CLANG_WARN_DEPRECATED_OBJC_IMPLEMENTATIONS = YES;
				CLANG_WARN_DIRECT_OBJC_ISA_USAGE = YES_ERROR;
				CLANG_WARN_DOCUMENTATION_COMMENTS = YES;
				CLANG_WARN_EMPTY_BODY = YES;
				CLANG_WARN_ENUM_CONVERSION = YES;
				CLANG_WARN_INFINITE_RECURSION = YES;
				CLANG_WARN_INT_CONVERSION = YES;
				CLANG_WARN_NON_LITERAL_NULL_CONVERSION = YES;
				CLANG_WARN_OBJC_IMPLICIT_RETAIN_SELF = YES;
				CLANG_WARN_OBJC_LITERAL_CONVERSION = YES;
				CLANG_WARN_OBJC_ROOT_CLASS = YES_ERROR;
				CLANG_WARN_QUOTED_INCLUDE_IN_FRAMEWORK_HEADER = YES;
				CLANG_WARN_RANGE_LOOP_ANALYSIS = YES;
				CLANG_WARN_STRICT_PROTOTYPES = YES;
				CLANG_WARN_SUSPICIOUS_MOVE = YES;
				CLANG_WARN_UNGUARDED_AVAILABILITY = YES_AGGRESSIVE;
				CLANG_WARN_UNREACHABLE_CODE = YES;
				CLANG_WARN__DUPLICATE_METHOD_MATCH = YES;
				COPY_PHASE_STRIP = NO;
				DEBUG_INFORMATION_FORMAT = "dwarf-with-dsym";
				ENABLE_NS_ASSERTIONS = NO;
				ENABLE_STRICT_OBJC_MSGSEND = YES;
				GCC_C_LANGUAGE_STANDARD = gnu11;
				GCC_NO_COMMON_BLOCKS = YES;
				GCC_WARN_64_TO_32_BIT_CONVERSION = YES;
				GCC_WARN_ABOUT_RETURN_TYPE = YES_ERROR;
				GCC_WARN_UNDECLARED_SELECTOR = YES;
				GCC_WARN_UNINITIALIZED_AUTOS = YES_AGGRESSIVE;
				GCC_WARN_UNUSED_FUNCTION = YES;
				GCC_WARN_UNUSED_VARIABLE = YES;
				IPHONEOS_DEPLOYMENT_TARGET = 16.0;
				MTL_ENABLE_DEBUG_INFO = NO;
				MTL_FAST_MATH = YES;
				SDKROOT = iphoneos;
				SWIFT_COMPILATION_MODE = wholemodule;
				SWIFT_OPTIMIZATION_LEVEL = "-O";
				VALIDATE_PRODUCT = YES;
			};
			name = Release;
		};
		F2CDD0EB28ECF79200CA97B1 /* Debug */ = {
			isa = XCBuildConfiguration;
			baseConfigurationReference = 4739AC31C3AF3EA0FC82855E /* Pods-abtest.debug.xcconfig */;
			buildSettings = {
				ASSETCATALOG_COMPILER_APPICON_NAME = AppIcon;
				ASSETCATALOG_COMPILER_GLOBAL_ACCENT_COLOR_NAME = AccentColor;
				CODE_SIGN_STYLE = Automatic;
				CURRENT_PROJECT_VERSION = 1;
				GENERATE_INFOPLIST_FILE = YES;
				INFOPLIST_FILE = abtest/Info.plist;
				INFOPLIST_KEY_UIApplicationSupportsIndirectInputEvents = YES;
				INFOPLIST_KEY_UILaunchStoryboardName = LaunchScreen;
				INFOPLIST_KEY_UIMainStoryboardFile = Main;
				INFOPLIST_KEY_UISupportedInterfaceOrientations_iPad = "UIInterfaceOrientationPortrait UIInterfaceOrientationPortraitUpsideDown UIInterfaceOrientationLandscapeLeft UIInterfaceOrientationLandscapeRight";
				INFOPLIST_KEY_UISupportedInterfaceOrientations_iPhone = "UIInterfaceOrientationPortrait UIInterfaceOrientationLandscapeLeft UIInterfaceOrientationLandscapeRight";
				LD_RUNPATH_SEARCH_PATHS = (
					"$(inherited)",
					"@executable_path/Frameworks",
				);
				MARKETING_VERSION = 1.0;
				PRODUCT_BUNDLE_IDENTIFIER = com.pnx.abtest;
				PRODUCT_NAME = "$(TARGET_NAME)";
				SWIFT_EMIT_LOC_STRINGS = YES;
				SWIFT_VERSION = 5.0;
				TARGETED_DEVICE_FAMILY = "1,2";
			};
			name = Debug;
		};
		F2CDD0EC28ECF79200CA97B1 /* Release */ = {
			isa = XCBuildConfiguration;
			baseConfigurationReference = B278B7B29DAFBB696F2C9A25 /* Pods-abtest.release.xcconfig */;
			buildSettings = {
				ASSETCATALOG_COMPILER_APPICON_NAME = AppIcon;
				ASSETCATALOG_COMPILER_GLOBAL_ACCENT_COLOR_NAME = AccentColor;
				CODE_SIGN_STYLE = Automatic;
				CURRENT_PROJECT_VERSION = 1;
				GENERATE_INFOPLIST_FILE = YES;
				INFOPLIST_FILE = abtest/Info.plist;
				INFOPLIST_KEY_UIApplicationSupportsIndirectInputEvents = YES;
				INFOPLIST_KEY_UILaunchStoryboardName = LaunchScreen;
				INFOPLIST_KEY_UIMainStoryboardFile = Main;
				INFOPLIST_KEY_UISupportedInterfaceOrientations_iPad = "UIInterfaceOrientationPortrait UIInterfaceOrientationPortraitUpsideDown UIInterfaceOrientationLandscapeLeft UIInterfaceOrientationLandscapeRight";
				INFOPLIST_KEY_UISupportedInterfaceOrientations_iPhone = "UIInterfaceOrientationPortrait UIInterfaceOrientationLandscapeLeft UIInterfaceOrientationLandscapeRight";
				LD_RUNPATH_SEARCH_PATHS = (
					"$(inherited)",
					"@executable_path/Frameworks",
				);
				MARKETING_VERSION = 1.0;
				PRODUCT_BUNDLE_IDENTIFIER = com.pnx.abtest;
				PRODUCT_NAME = "$(TARGET_NAME)";
				SWIFT_EMIT_LOC_STRINGS = YES;
				SWIFT_VERSION = 5.0;
				TARGETED_DEVICE_FAMILY = "1,2";
			};
			name = Release;
		};
/* End XCBuildConfiguration section */

/* Begin XCConfigurationList section */
		F2CDD0D128ECF79100CA97B1 /* Build configuration list for PBXProject "abtest" */ = {
			isa = XCConfigurationList;
			buildConfigurations = (
				F2CDD0E828ECF79200CA97B1 /* Debug */,
				F2CDD0E928ECF79200CA97B1 /* Release */,
			);
			defaultConfigurationIsVisible = 0;
			defaultConfigurationName = Release;
		};
		F2CDD0EA28ECF79200CA97B1 /* Build configuration list for PBXNativeTarget "abtest" */ = {
			isa = XCConfigurationList;
			buildConfigurations = (
				F2CDD0EB28ECF79200CA97B1 /* Debug */,
				F2CDD0EC28ECF79200CA97B1 /* Release */,
			);
			defaultConfigurationIsVisible = 0;
			defaultConfigurationName = Release;
		};
/* End XCConfigurationList section */
	};
	rootObject = F2CDD0CE28ECF79100CA97B1 /* Project object */;
}
